
Microsoft Visual Studio Solution File, Format Version 11.00
# Visual Studio 2010
Project("{FAE04EC0-301F-11D3-BF4B-00C04F79EFBC}") = "Valle.Utilidades", "..\Valle.Library\Valle.Utilidades\Valle.Utilidades\Valle.Utilidades.csproj", "{0291A4FE-C511-4FA2-8132-705A08973015}"
EndProject
Project("{FAE04EC0-301F-11D3-BF4B-00C04F79EFBC}") = "Valle.Seguridad", "..\Valle.Library\Valle.Seguridad\Valle.Seguridad.csproj", "{BFBD9375-F5DF-4753-BDB1-B345BCBF93E5}"
EndProject
Project("{FAE04EC0-301F-11D3-BF4B-00C04F79EFBC}") = "Valle.SqlUtilidades", "..\Valle.Library\Valle.SqlUtilidades\Valle.SqlUtilidades\Valle.SqlUtilidades.csproj", "{458E7C94-0965-4B21-A45F-D079CAC27759}"
EndProject
Project("{FAE04EC0-301F-11D3-BF4B-00C04F79EFBC}") = "Valle.Distribuido", "..\Valle.Library\Valle.Distribuido\Valle.Distribuido\Valle.Distribuido.csproj", "{F4D3A794-D1CB-443C-9A0B-E524E94C7322}"
EndProject
Project("{FAE04EC0-301F-11D3-BF4B-00C04F79EFBC}") = "Valle.GtkUtilidades", "..\Valle.Library\Valle.GtkUtilidades\Valle.GtkUtilidades\Valle.GtkUtilidades.csproj", "{9530B792-23E0-4EDD-823F-F569E1536995}"
EndProject
Project("{FAE04EC0-301F-11D3-BF4B-00C04F79EFBC}") = "Valle.ToolsTpv", "Valle.ToolsTpv\Valle.ToolsTpv.csproj", "{C49A57D3-0936-47F1-B380-187731C981BE}"
EndProject
Project("{FAE04EC0-301F-11D3-BF4B-00C04F79EFBC}") = "Valle.Tpv", "Valle.Tpv\Valle.Tpv.csproj", "{D19F5A42-37B8-495D-8C7A-5C432871376C}"
EndProject
Project("{2150E333-8FDC-42A3-9474-1A3956D46DE8}") = "AppAuxiliares", "AppAuxiliares", "{9309B44E-83FF-4160-ADA7-0175F3122782}"
EndProject
Project("{FAE04EC0-301F-11D3-BF4B-00C04F79EFBC}") = "RestartTpv", "Valle.AppAux\RestartTpv\RestartTpv.csproj", "{66069076-3A0A-4D24-9062-BCD19028E3DA}"
EndProject
Global
	GlobalSection(SolutionConfigurationPlatforms) = preSolution
		Debug|x86 = Debug|x86
		Release|x86 = Release|x86
	EndGlobalSection
	GlobalSection(ProjectConfigurationPlatforms) = postSolution
		{0291A4FE-C511-4FA2-8132-705A08973015}.Debug|x86.ActiveCfg = Debug|Any CPU
		{0291A4FE-C511-4FA2-8132-705A08973015}.Debug|x86.Build.0 = Debug|Any CPU
		{0291A4FE-C511-4FA2-8132-705A08973015}.Release|x86.ActiveCfg = Release|Any CPU
		{0291A4FE-C511-4FA2-8132-705A08973015}.Release|x86.Build.0 = Release|Any CPU
		{458E7C94-0965-4B21-A45F-D079CAC27759}.Debug|x86.ActiveCfg = Debug|Any CPU
		{458E7C94-0965-4B21-A45F-D079CAC27759}.Debug|x86.Build.0 = Debug|Any CPU
		{458E7C94-0965-4B21-A45F-D079CAC27759}.Release|x86.ActiveCfg = Release|Any CPU
		{458E7C94-0965-4B21-A45F-D079CAC27759}.Release|x86.Build.0 = Release|Any CPU
		{66069076-3A0A-4D24-9062-BCD19028E3DA}.Debug|x86.ActiveCfg = Debug|x86
		{66069076-3A0A-4D24-9062-BCD19028E3DA}.Debug|x86.Build.0 = Debug|x86
		{66069076-3A0A-4D24-9062-BCD19028E3DA}.Release|x86.ActiveCfg = Release|x86
		{66069076-3A0A-4D24-9062-BCD19028E3DA}.Release|x86.Build.0 = Release|x86
		{9530B792-23E0-4EDD-823F-F569E1536995}.Debug|x86.ActiveCfg = Debug|Any CPU
		{9530B792-23E0-4EDD-823F-F569E1536995}.Debug|x86.Build.0 = Debug|Any CPU
		{9530B792-23E0-4EDD-823F-F569E1536995}.Release|x86.ActiveCfg = Release|Any CPU
		{9530B792-23E0-4EDD-823F-F569E1536995}.Release|x86.Build.0 = Release|Any CPU
		{BFBD9375-F5DF-4753-BDB1-B345BCBF93E5}.Debug|x86.ActiveCfg = Debug|Any CPU
		{BFBD9375-F5DF-4753-BDB1-B345BCBF93E5}.Debug|x86.Build.0 = Debug|Any CPU
		{BFBD9375-F5DF-4753-BDB1-B345BCBF93E5}.Release|x86.ActiveCfg = Release|Any CPU
		{BFBD9375-F5DF-4753-BDB1-B345BCBF93E5}.Release|x86.Build.0 = Release|Any CPU
		{C49A57D3-0936-47F1-B380-187731C981BE}.Debug|x86.ActiveCfg = Debug|Any CPU
		{C49A57D3-0936-47F1-B380-187731C981BE}.Debug|x86.Build.0 = Debug|Any CPU
		{C49A57D3-0936-47F1-B380-187731C981BE}.Release|x86.ActiveCfg = Release|Any CPU
		{C49A57D3-0936-47F1-B380-187731C981BE}.Release|x86.Build.0 = Release|Any CPU
		{D19F5A42-37B8-495D-8C7A-5C432871376C}.Debug|x86.ActiveCfg = Debug|x86
		{D19F5A42-37B8-495D-8C7A-5C432871376C}.Debug|x86.Build.0 = Debug|x86
		{D19F5A42-37B8-495D-8C7A-5C432871376C}.Release|x86.ActiveCfg = Release|x86
		{D19F5A42-37B8-495D-8C7A-5C432871376C}.Release|x86.Build.0 = Release|x86
		{F4D3A794-D1CB-443C-9A0B-E524E94C7322}.Debug|x86.ActiveCfg = Debug|Any CPU
		{F4D3A794-D1CB-443C-9A0B-E524E94C7322}.Debug|x86.Build.0 = Debug|Any CPU
		{F4D3A794-D1CB-443C-9A0B-E524E94C7322}.Release|x86.ActiveCfg = Release|Any CPU
		{F4D3A794-D1CB-443C-9A0B-E524E94C7322}.Release|x86.Build.0 = Release|Any CPU
	EndGlobalSection
	GlobalSection(NestedProjects) = preSolution
		{66069076-3A0A-4D24-9062-BCD19028E3DA} = {9309B44E-83FF-4160-ADA7-0175F3122782}
	EndGlobalSection
	GlobalSection(MonoDevelopProperties) = preSolution
		StartupItem = Valle.Tpv\Valle.Tpv.csproj
	EndGlobalSection
EndGlobal
